{
  "name": "@whitehatd/ruah",
  "version": "0.1.0",
  "lockfileVersion": 3,
  "requires": true,
  "packages": {
    "": {
      "name": "@whitehatd/ruah",
      "version": "0.1.0",
      "license": "MIT",
      "dependencies": {
        "@whitehatd/crag": "^0.2.3"
      },
      "bin": {
        "ruah": "src/cli.js"
      },
      "engines": {
        "node": ">=18.0.0"
      }
    },
    "node_modules/@whitehatd/crag": {
      "version": "0.2.3",
      "resolved": "https://registry.npmjs.org/@whitehatd/crag/-/crag-0.2.3.tgz",
      "integrity": "sha512-B6T8Vwgp3Q7vUnfpGszAw9Hw1zqI1ICi415pW3I0lHuLFXMDZKlpEOIYVjmDOxJ7TmAV7oCkF7YBun4BGUhxbQ==",
      "license": "MIT",
      "bin": {
        "crag": "bin/crag.js"
      },
      "engines": {
        "node": ">=18"
      }
    }
  }
}
